
Microsoft Visual Studio Solution File, Format Version 12.00
# Visual Studio Version 16
VisualStudioVersion = 16.0.29728.190
MinimumVisualStudioVersion = 10.0.40219.1
Project("{FAE04EC0-301F-11D3-BF4B-00C04F79EFBC}") = "CatalinTudoran.Planets", "CatalinTudoran.Planets\CatalinTudoran.Planets.csproj", "{1946E90C-5A15-4390-96A3-C5D3D7A4941B}"
EndProject
Global
	GlobalSection(SolutionConfigurationPlatforms) = preSolution
		Debug|Any CPU = Debug|Any CPU
		Release|Any CPU = Release|Any CPU
	EndGlobalSection
	GlobalSection(ProjectConfigurationPlatforms) = postSolution
		{1946E90C-5A15-4390-96A3-C5D3D7A4941B}.Debug|Any CPU.ActiveCfg = Debug|Any CPU
		{1946E90C-5A15-4390-96A3-C5D3D7A4941B}.Debug|Any CPU.Build.0 = Debug|Any CPU
		{1946E90C-5A15-4390-96A3-C5D3D7A4941B}.Release|Any CPU.ActiveCfg = Release|Any CPU
		{1946E90C-5A15-4390-96A3-C5D3D7A4941B}.Release|Any CPU.Build.0 = Release|Any CPU
	EndGlobalSection
	GlobalSection(SolutionProperties) = preSolution
		HideSolutionNode = FALSE
	EndGlobalSection
	GlobalSection(ExtensibilityGlobals) = postSolution
		SolutionGuid = {B029D8FE-A8CA-4B7E-866D-2FEC06E00442}
	EndGlobalSection
EndGlobal
